
Microsoft Visual Studio Solution File, Format Version 12.00
# Visual Studio Version 17
VisualStudioVersion = 17.4.33110.190
MinimumVisualStudioVersion = 10.0.40219.1
Project("{FAE04EC0-301F-11D3-BF4B-00C04F79EFBC}") = "FirstWeb", "FirstWeb\FirstWeb.csproj", "{F3E95305-BF9D-4751-8EE9-2F923EA19003}"
EndProject
Global
	GlobalSection(SolutionConfigurationPlatforms) = preSolution
		Debug|Any CPU = Debug|Any CPU
		Release|Any CPU = Release|Any CPU
	EndGlobalSection
	GlobalSection(ProjectConfigurationPlatforms) = postSolution
		{F3E95305-BF9D-4751-8EE9-2F923EA19003}.Debug|Any CPU.ActiveCfg = Debug|Any CPU
		{F3E95305-BF9D-4751-8EE9-2F923EA19003}.Debug|Any CPU.Build.0 = Debug|Any CPU
		{F3E95305-BF9D-4751-8EE9-2F923EA19003}.Release|Any CPU.ActiveCfg = Release|Any CPU
		{F3E95305-BF9D-4751-8EE9-2F923EA19003}.Release|Any CPU.Build.0 = Release|Any CPU
	EndGlobalSection
	GlobalSection(SolutionProperties) = preSolution
		HideSolutionNode = FALSE
	EndGlobalSection
	GlobalSection(ExtensibilityGlobals) = postSolution
		SolutionGuid = {3DA39CC8-1B07-4C7A-BE6B-2613A3FDFEA5}
	EndGlobalSection
EndGlobal
